
Microsoft Visual Studio Solution File, Format Version 12.00
# Visual Studio 14
VisualStudioVersion = 14.0.25123.0
MinimumVisualStudioVersion = 10.0.40219.1
Project("{FAE04EC0-301F-11D3-BF4B-00C04F79EFBC}") = "Professor", "Professor\Professor.csproj", "{103A0391-6FAC-40CE-B2FC-433A88CE050E}"
EndProject
Project("{FAE04EC0-301F-11D3-BF4B-00C04F79EFBC}") = "Student", "Student\Student.csproj", "{F164E80C-728D-4768-904D-293ECB4ECA0D}"
EndProject
Global
	GlobalSection(SolutionConfigurationPlatforms) = preSolution
		Debug|Any CPU = Debug|Any CPU
		Release|Any CPU = Release|Any CPU
	EndGlobalSection
	GlobalSection(ProjectConfigurationPlatforms) = postSolution
		{103A0391-6FAC-40CE-B2FC-433A88CE050E}.Debug|Any CPU.ActiveCfg = Debug|Any CPU
		{103A0391-6FAC-40CE-B2FC-433A88CE050E}.Debug|Any CPU.Build.0 = Debug|Any CPU
		{103A0391-6FAC-40CE-B2FC-433A88CE050E}.Release|Any CPU.ActiveCfg = Release|Any CPU
		{103A0391-6FAC-40CE-B2FC-433A88CE050E}.Release|Any CPU.Build.0 = Release|Any CPU
		{F164E80C-728D-4768-904D-293ECB4ECA0D}.Debug|Any CPU.ActiveCfg = Debug|Any CPU
		{F164E80C-728D-4768-904D-293ECB4ECA0D}.Debug|Any CPU.Build.0 = Debug|Any CPU
		{F164E80C-728D-4768-904D-293ECB4ECA0D}.Release|Any CPU.ActiveCfg = Release|Any CPU
		{F164E80C-728D-4768-904D-293ECB4ECA0D}.Release|Any CPU.Build.0 = Release|Any CPU
	EndGlobalSection
	GlobalSection(SolutionProperties) = preSolution
		HideSolutionNode = FALSE
	EndGlobalSection
EndGlobal
